
Microsoft Visual Studio Solution File, Format Version 12.00
# Visual Studio Version 16
VisualStudioVersion = 16.0.31605.320
MinimumVisualStudioVersion = 10.0.40219.1
Project("{8BC9CEB8-8B4A-11D0-8D11-00A0C91BC942}") = "WeeklyCode7-2_Triangle-TopBottom", "WeeklyCode7-2_Triangle-TopBottom\WeeklyCode7-2_Triangle-TopBottom.vcxproj", "{E4E6EA6D-CE52-4393-90B1-87A05EA24AAC}"
EndProject
Global
	GlobalSection(SolutionConfigurationPlatforms) = preSolution
		Debug|x64 = Debug|x64
		Debug|x86 = Debug|x86
		Release|x64 = Release|x64
		Release|x86 = Release|x86
	EndGlobalSection
	GlobalSection(ProjectConfigurationPlatforms) = postSolution
		{E4E6EA6D-CE52-4393-90B1-87A05EA24AAC}.Debug|x64.ActiveCfg = Debug|x64
		{E4E6EA6D-CE52-4393-90B1-87A05EA24AAC}.Debug|x64.Build.0 = Debug|x64
		{E4E6EA6D-CE52-4393-90B1-87A05EA24AAC}.Debug|x86.ActiveCfg = Debug|Win32
		{E4E6EA6D-CE52-4393-90B1-87A05EA24AAC}.Debug|x86.Build.0 = Debug|Win32
		{E4E6EA6D-CE52-4393-90B1-87A05EA24AAC}.Release|x64.ActiveCfg = Release|x64
		{E4E6EA6D-CE52-4393-90B1-87A05EA24AAC}.Release|x64.Build.0 = Release|x64
		{E4E6EA6D-CE52-4393-90B1-87A05EA24AAC}.Release|x86.ActiveCfg = Release|Win32
		{E4E6EA6D-CE52-4393-90B1-87A05EA24AAC}.Release|x86.Build.0 = Release|Win32
	EndGlobalSection
	GlobalSection(SolutionProperties) = preSolution
		HideSolutionNode = FALSE
	EndGlobalSection
	GlobalSection(ExtensibilityGlobals) = postSolution
		SolutionGuid = {0A3C5745-CDC6-4C58-9CFA-D6971D3B4157}
	EndGlobalSection
EndGlobal
